
Microsoft Visual Studio Solution File, Format Version 12.00
# Visual Studio Version 16
VisualStudioVersion = 16.0.32126.315
MinimumVisualStudioVersion = 10.0.40219.1
Project("{FAE04EC0-301F-11D3-BF4B-00C04F79EFBC}") = "zizibe", "zizibe\zizibe.csproj", "{30159DC8-3D99-406B-A2B6-733E2F0B66E3}"
EndProject
Global
	GlobalSection(SolutionConfigurationPlatforms) = preSolution
		Debug|Any CPU = Debug|Any CPU
		Release|Any CPU = Release|Any CPU
	EndGlobalSection
	GlobalSection(ProjectConfigurationPlatforms) = postSolution
		{30159DC8-3D99-406B-A2B6-733E2F0B66E3}.Debug|Any CPU.ActiveCfg = Debug|Any CPU
		{30159DC8-3D99-406B-A2B6-733E2F0B66E3}.Debug|Any CPU.Build.0 = Debug|Any CPU
		{30159DC8-3D99-406B-A2B6-733E2F0B66E3}.Release|Any CPU.ActiveCfg = Release|Any CPU
		{30159DC8-3D99-406B-A2B6-733E2F0B66E3}.Release|Any CPU.Build.0 = Release|Any CPU
	EndGlobalSection
	GlobalSection(SolutionProperties) = preSolution
		HideSolutionNode = FALSE
	EndGlobalSection
	GlobalSection(ExtensibilityGlobals) = postSolution
		SolutionGuid = {82486533-BDB9-4EC9-86BD-4B8DE9DF6518}
	EndGlobalSection
EndGlobal
